# This file was autogenerated by uv via the following command:
#    uv pip compile pyproject.toml --extra packaging --universal --generate-hashes --constraint requirements.lock --constraint requirements-build.lock --output-file requirements-package.lock
altgraph==0.17.5 \
    --hash=sha256:c87b395dd12fabde9c99573a9749d67da8d29ef9de0125c7f536699b4a9bc9e7 \
    --hash=sha256:f3a22400bce1b0c701683820ac4f3b159cd301acab067c51c653e06961600597
    # via
    #   macholib
    #   pyinstaller
macholib==1.16.4 ; sys_platform == 'darwin' \
    --hash=sha256:da1a3fa8266e30f0ce7e97c6a54eefaae8edd1e5f86f3eb8b95457cae90265ea \
    --hash=sha256:f408c93ab2e995cd2c46e34fe328b130404be143469e41bc366c807448979362
    # via pyinstaller
packaging==26.3 \
    --hash=sha256:94edc256424af38762eb31306eed28beb9f0efc50a8837492c9d6fd6004aed79 \
    --hash=sha256:d7193f7c8e4e93f444fde0262bf90af30e16fa0ad0ad44cb553c87339b23cd1c
    # via
    #   pyinstaller
    #   pyinstaller-hooks-contrib
pefile==2024.8.26 ; sys_platform == 'win32' \
    --hash=sha256:3ff6c5d8b43e8c37bb6e6dd5085658d658a7a0bdcd20b6a07b1fcfc1c4e9d632 \
    --hash=sha256:76f8b485dcd3b1bb8166f1128d395fa3d87af26360c2358fb75b80019b957c6f
    # via pyinstaller
pyinstaller==6.22.2 \
    --hash=sha256:0260eaad6be3f6fbc1affffe6dc7b8e5b636dbca51b463224daba971610b6fc1 \
    --hash=sha256:06d7b3827a8049db4a2d47e3ec4ae2f69a1041577d8833b8f169745cde573ab4 \
    --hash=sha256:7bee432404eca5dc3ef37c36811c266561b03988f6d3e70ab0fa5352dd5de9e4 \
    --hash=sha256:89b65a3ad07d9dd5832253e37bc45f31872d10d7f9d5c9fd0fdd6088a83829dd \
    --hash=sha256:8c2c4b14caad38c1f3df8e9bf5276fc265e27fe8b4180cab4a37864288427bc0 \
    --hash=sha256:9622686ecc5d5fa492fe6cde29d47df9dd41138cff8177be9f901ca3260f2096 \
    --hash=sha256:9a078877caa3920558a3242d0a7019fe5b825cff4b65ed380c7d1e1bd200ddd9 \
    --hash=sha256:9b990fa6bbe143572f06644a984ad0d7aa2e2ccc6929d4916031343a5888e9a7 \
    --hash=sha256:afb6f9a95d19b6dcd3a7decc40d9adb6ba9c4f8802ddd6c972dfb552953f384e \
    --hash=sha256:becb47ad78272bede87acf2ed830d7545a8f65ab11d06a68fe2b99ba1afaac6d \
    --hash=sha256:ebd1b1ca932d7cf25d7366ce691aaf79a5ff9425811ed7328b5116e4471b6d6d \
    --hash=sha256:f5ccb847451df4207bce18bf53a57b124c9bb4e7e4bad08c5ecc627bcf00b28c
    # via pcims (pyproject.toml)
pyinstaller-hooks-contrib==2026.6 \
    --hash=sha256:bef5002c32f4f50bd55b005da12cff64eca8783e7eaf86a06a62410164bab725 \
    --hash=sha256:fd13b8ac126b35361175edacd41a0d97080b75dd5f4b594ecefefff969509dd3
    # via pyinstaller
pyside6==6.11.1 \
    --hash=sha256:0968877ab1fb4ef3587a284da6fe05e8647ada56a6a3750b6395188e01f4aba6 \
    --hash=sha256:537682c3b7530817203e667c1f5a2f00486b37bf52c52eeab438544c7a0917f6 \
    --hash=sha256:75f0005c3eb95c07cfb65522ec50d0815ac007a96482c21dc3cb4b4c04895d84 \
    --hash=sha256:acee467cb5f256cc47ebb9d815a054c1d8416da380c191b247a76d164aa3f805 \
    --hash=sha256:b1fc521ba2bb5109425ab8add06bddbdd524abcad06cfa012cc39a22a189feb2
    # via
    #   -c requirements.lock
    #   pcims (pyproject.toml)
pyside6-addons==6.11.1 \
    --hash=sha256:0d13c4dfd671b050a48e4f8d8ddc724b7248f9c0437e7fc47fdf316278572923 \
    --hash=sha256:3494f480dee92f415be2f2d989c0b3f4755ac332b28045cbf4ba0f5c5a22ba37 \
    --hash=sha256:54733c77f789bef5f03c6aff4ad3bec8b2eff021f0cfcbc53d5e6c250ded24f9 \
    --hash=sha256:8e6c65fbd73a512d6f72cda8d8277444a85a34dc99dd1dae9c21d35b8671bb1f \
    --hash=sha256:bf1c6c4e954e5eba3d2a7c661ad4b9689e8f09c7f4a16bdf29713371d11af993
    # via
    #   -c requirements.lock
    #   pyside6
pyside6-essentials==6.11.1 \
    --hash=sha256:11253ea52aabecefe9febddbbe78b43a824129e3af1cec98431028fba7fa954f \
    --hash=sha256:228de53c2bc26b07e5021fbe3614fc44ca08e4dab9999af08c2b389d2c239957 \
    --hash=sha256:63311bd48e32c584599ab04b9ef7c324082374cd2c9fa533f978fb893bb47e40 \
    --hash=sha256:a039b6da68a3a4b9d243217b2b98d475eed3f617159ef6be925badab53c11b0d \
    --hash=sha256:e3ef7027b41e4e55fadb56e3b3257dc8ee92154b639fe67fc4c8e05e9d976c60
    # via
    #   -c requirements.lock
    #   pyside6
    #   pyside6-addons
pywin32-ctypes==0.2.3 ; sys_platform == 'win32' \
    --hash=sha256:8a1513379d709975552d202d942d9837758905c8d01eb82b8bcc30918929e7b8 \
    --hash=sha256:d162dc04946d704503b2edc4d55f3dba5c1d539ead017afa00142c38b9885755
    # via pyinstaller
setuptools==80.9.0 \
    --hash=sha256:062d34222ad13e0cc312a4c02d73f059e86a4acbfbdea8f8f76b28c99f306922 \
    --hash=sha256:f36b47402ecde768dbfafc46e8e4207b4360c654f1f3bb84475f0a28628fb19c
    # via
    #   -c requirements-build.lock
    #   pyinstaller
shiboken6==6.11.1 \
    --hash=sha256:1a16867f103ef1c662a5f09dfed03273a9f81688b174555162c58e83650a3f02 \
    --hash=sha256:1bd2f4314414df2d122d9f646e03b731bc6d6b5f77a5f53f99a4fe4e97d84e6f \
    --hash=sha256:7c8d9af17db4495d4fa5b1c393f218311c4855546b9dfa6a0bd21bcd66b55e9d \
    --hash=sha256:9a8bccfafc8805254cabcfa1edfaf55cd52889f4998c91ad0d9a4433fb1bcdbe \
    --hash=sha256:c2c6863aa80ec18c0f82cea3417837b279cdc60024ac17123461dc9042577df7
    # via
    #   -c requirements.lock
    #   pyside6
    #   pyside6-addons
    #   pyside6-essentials
